// !$*UTF8*$!
{
	archiveVersion = 1;
	classes = {
	};
	objectVersion = 56;
	objects = {

/* Begin PBXBuildFile section */
		C81C6E3B296CDC9000F2EC1A /* AppDelegate.swift in Sources */ = {isa = PBXBuildFile; fileRef = C81C6E3A296CDC9000F2EC1A /* AppDelegate.swift */; };
		C81C6E3D296CDC9000F2EC1A /* SceneDelegate.swift in Sources */ = {isa = PBXBuildFile; fileRef = C81C6E3C296CDC9000F2EC1A /* SceneDelegate.swift */; };
		C81C6E44296CDC9100F2EC1A /* Assets.xcassets in Resources */ = {isa = PBXBuildFile; fileRef = C81C6E43296CDC9100F2EC1A /* Assets.xcassets */; };
		C81C6E47296CDC9100F2EC1A /* LaunchScreen.storyboard in Resources */ = {isa = PBXBuildFile; fileRef = C81C6E45296CDC9100F2EC1A /* LaunchScreen.storyboard */; };
		C81C6E51296CDDE100F2EC1A /* Kingfisher in Frameworks */ = {isa = PBXBuildFile; productRef = C81C6E50296CDDE100F2EC1A /* Kingfisher */; };
		C81C6E54296CDDF200F2EC1A /* SnapKit in Frameworks */ = {isa = PBXBuildFile; productRef = C81C6E53296CDDF200F2EC1A /* SnapKit */; };
		C81C6E56296CDE4400F2EC1A /* MainViewController.swift in Sources */ = {isa = PBXBuildFile; fileRef = C81C6E55296CDE4400F2EC1A /* MainViewController.swift */; };
		C81C6E59296D678F00F2EC1A /* RxCocoa in Frameworks */ = {isa = PBXBuildFile; productRef = C81C6E58296D678F00F2EC1A /* RxCocoa */; };
		C81C6E5B296D678F00F2EC1A /* RxRelay in Frameworks */ = {isa = PBXBuildFile; productRef = C81C6E5A296D678F00F2EC1A /* RxRelay */; };
		C81C6E5D296D678F00F2EC1A /* RxSwift in Frameworks */ = {isa = PBXBuildFile; productRef = C81C6E5C296D678F00F2EC1A /* RxSwift */; };
		C81C6E5F296E74A200F2EC1A /* SearchBar.swift in Sources */ = {isa = PBXBuildFile; fileRef = C81C6E5E296E74A200F2EC1A /* SearchBar.swift */; };
/* End PBXBuildFile section */

/* Begin PBXFileReference section */
		C81C6E37296CDC9000F2EC1A /* SearchDaumBlog.app */ = {isa = PBXFileReference; explicitFileType = wrapper.application; includeInIndex = 0; path = SearchDaumBlog.app; sourceTree = BUILT_PRODUCTS_DIR; };
		C81C6E3A296CDC9000F2EC1A /* AppDelegate.swift */ = {isa = PBXFileReference; lastKnownFileType = sourcecode.swift; path = AppDelegate.swift; sourceTree = "<group>"; };
		C81C6E3C296CDC9000F2EC1A /* SceneDelegate.swift */ = {isa = PBXFileReference; lastKnownFileType = sourcecode.swift; path = SceneDelegate.swift; sourceTree = "<group>"; };
		C81C6E43296CDC9100F2EC1A /* Assets.xcassets */ = {isa = PBXFileReference; lastKnownFileType = folder.assetcatalog; path = Assets.xcassets; sourceTree = "<group>"; };
		C81C6E46296CDC9100F2EC1A /* Base */ = {isa = PBXFileReference; lastKnownFileType = file.storyboard; name = Base; path = Base.lproj/LaunchScreen.storyboard; sourceTree = "<group>"; };
		C81C6E48296CDC9100F2EC1A /* Info.plist */ = {isa = PBXFileReference; lastKnownFileType = text.plist.xml; path = Info.plist; sourceTree = "<group>"; };
		C81C6E55296CDE4400F2EC1A /* MainViewController.swift */ = {isa = PBXFileReference; lastKnownFileType = sourcecode.swift; path = MainViewController.swift; sourceTree = "<group>"; };
		C81C6E5E296E74A200F2EC1A /* SearchBar.swift */ = {isa = PBXFileReference; lastKnownFileType = sourcecode.swift; path = SearchBar.swift; sourceTree = "<group>"; };
/* End PBXFileReference section */

/* Begin PBXFrameworksBuildPhase section */
		C81C6E34296CDC9000F2EC1A /* Frameworks */ = {
			isa = PBXFrameworksBuildPhase;
			buildActionMask = 2147483647;
			files = (
				C81C6E59296D678F00F2EC1A /* RxCocoa in Frameworks */,
				C81C6E51296CDDE100F2EC1A /* Kingfisher in Frameworks */,
				C81C6E5D296D678F00F2EC1A /* RxSwift in Frameworks */,
				C81C6E5B296D678F00F2EC1A /* RxRelay in Frameworks */,
				C81C6E54296CDDF200F2EC1A /* SnapKit in Frameworks */,
			);
			runOnlyForDeploymentPostprocessing = 0;
		};
/* End PBXFrameworksBuildPhase section */

/* Begin PBXGroup section */
		C81C6E2E296CDC9000F2EC1A = {
			isa = PBXGroup;
			children = (
				C81C6E39296CDC9000F2EC1A /* SearchDaumBlog */,
				C81C6E38296CDC9000F2EC1A /* Products */,
			);
			sourceTree = "<group>";
		};
		C81C6E38296CDC9000F2EC1A /* Products */ = {
			isa = PBXGroup;
			children = (
				C81C6E37296CDC9000F2EC1A /* SearchDaumBlog.app */,
			);
			name = Products;
			sourceTree = "<group>";
		};
		C81C6E39296CDC9000F2EC1A /* SearchDaumBlog */ = {
			isa = PBXGroup;
			children = (
				C81C6E3A296CDC9000F2EC1A /* AppDelegate.swift */,
				C81C6E3C296CDC9000F2EC1A /* SceneDelegate.swift */,
				C81C6E43296CDC9100F2EC1A /* Assets.xcassets */,
				C81C6E45296CDC9100F2EC1A /* LaunchScreen.storyboard */,
				C81C6E48296CDC9100F2EC1A /* Info.plist */,
				C81C6E55296CDE4400F2EC1A /* MainViewController.swift */,
				C81C6E5E296E74A200F2EC1A /* SearchBar.swift */,
			);
			path = SearchDaumBlog;
			sourceTree = "<group>";
		};
/* End PBXGroup section */

/* Begin PBXNativeTarget section */
		C81C6E36296CDC9000F2EC1A /* SearchDaumBlog */ = {
			isa = PBXNativeTarget;
			buildConfigurationList = C81C6E4B296CDC9100F2EC1A /* Build configuration list for PBXNativeTarget "SearchDaumBlog" */;
			buildPhases = (
				C81C6E33296CDC9000F2EC1A /* Sources */,
				C81C6E34296CDC9000F2EC1A /* Frameworks */,
				C81C6E35296CDC9000F2EC1A /* Resources */,
			);
			buildRules = (
			);
			dependencies = (
			);
			name = SearchDaumBlog;
			packageProductDependencies = (
				C81C6E50296CDDE100F2EC1A /* Kingfisher */,
				C81C6E53296CDDF200F2EC1A /* SnapKit */,
				C81C6E58296D678F00F2EC1A /* RxCocoa */,
				C81C6E5A296D678F00F2EC1A /* RxRelay */,
				C81C6E5C296D678F00F2EC1A /* RxSwift */,
			);
			productName = SearchDaumBlog;
			productReference = C81C6E37296CDC9000F2EC1A /* SearchDaumBlog.app */;
			productType = "com.apple.product-type.application";
		};
/* End PBXNativeTarget section */

/* Begin PBXProject section */
		C81C6E2F296CDC9000F2EC1A /* Project object */ = {
			isa = PBXProject;
			attributes = {
				BuildIndependentTargetsInParallel = 1;
				LastSwiftUpdateCheck = 1400;
				LastUpgradeCheck = 1400;
				TargetAttributes = {
					C81C6E36296CDC9000F2EC1A = {
						CreatedOnToolsVersion = 14.0.1;
					};
				};
			};
			buildConfigurationList = C81C6E32296CDC9000F2EC1A /* Build configuration list for PBXProject "SearchDaumBlog" */;
			compatibilityVersion = "Xcode 14.0";
			developmentRegion = en;
			hasScannedForEncodings = 0;
			knownRegions = (
				en,
				Base,
			);
			mainGroup = C81C6E2E296CDC9000F2EC1A;
			packageReferences = (
				C81C6E4F296CDDE100F2EC1A /* XCRemoteSwiftPackageReference "Kingfisher" */,
				C81C6E52296CDDF200F2EC1A /* XCRemoteSwiftPackageReference "SnapKit" */,
				C81C6E57296D678F00F2EC1A /* XCRemoteSwiftPackageReference "RxSwift" */,
			);
			productRefGroup = C81C6E38296CDC9000F2EC1A /* Products */;
			projectDirPath = "";
			projectRoot = "";
			targets = (
				C81C6E36296CDC9000F2EC1A /* SearchDaumBlog */,
			);
		};
/* End PBXProject section */

/* Begin PBXResourcesBuildPhase section */
		C81C6E35296CDC9000F2EC1A /* Resources */ = {
			isa = PBXResourcesBuildPhase;
			buildActionMask = 2147483647;
			files = (
				C81C6E47296CDC9100F2EC1A /* LaunchScreen.storyboard in Resources */,
				C81C6E44296CDC9100F2EC1A /* Assets.xcassets in Resources */,
			);
			runOnlyForDeploymentPostprocessing = 0;
		};
/* End PBXResourcesBuildPhase section */

/* Begin PBXSourcesBuildPhase section */
		C81C6E33296CDC9000F2EC1A /* Sources */ = {
			isa = PBXSourcesBuildPhase;
			buildActionMask = 2147483647;
			files = (
				C81C6E56296CDE4400F2EC1A /* MainViewController.swift in Sources */,
				C81C6E5F296E74A200F2EC1A /* SearchBar.swift in Sources */,
				C81C6E3B296CDC9000F2EC1A /* AppDelegate.swift in Sources */,
				C81C6E3D296CDC9000F2EC1A /* SceneDelegate.swift in Sources */,
			);
			runOnlyForDeploymentPostprocessing = 0;
		};
/* End PBXSourcesBuildPhase section */

/* Begin PBXVariantGroup section */
		C81C6E45296CDC9100F2EC1A /* LaunchScreen.storyboard */ = {
			isa = PBXVariantGroup;
			children = (
				C81C6E46296CDC9100F2EC1A /* Base */,
			);
			name = LaunchScreen.storyboard;
			sourceTree = "<group>";
		};
/* End PBXVariantGroup section */

/* Begin XCBuildConfiguration section */
		C81C6E49296CDC9100F2EC1A /* Debug */ = {
			isa = XCBuildConfiguration;
			buildSettings = {
				ALWAYS_SEARCH_USER_PATHS = NO;
				CLANG_ANALYZER_NONNULL = YES;
				CLANG_ANALYZER_NUMBER_OBJECT_CONVERSION = YES_AGGRESSIVE;
				CLANG_CXX_LANGUAGE_STANDARD = "gnu++20";
				CLANG_ENABLE_MODULES = YES;
				CLANG_ENABLE_OBJC_ARC = YES;
				CLANG_ENABLE_OBJC_WEAK = YES;
				CLANG_WARN_BLOCK_CAPTURE_AUTORELEASING = YES;
				CLANG_WARN_BOOL_CONVERSION = YES;
				CLANG_WARN_COMMA = YES;
				CLANG_WARN_CONSTANT_CONVERSION = YES;
				CLANG_WARN_DEPRECATED_OBJC_IMPLEMENTATIONS = YES;
				CLANG_WARN_DIRECT_OBJC_ISA_USAGE = YES_ERROR;
				CLANG_WARN_DOCUMENTATION_COMMENTS = YES;
				CLANG_WARN_EMPTY_BODY = YES;
				CLANG_WARN_ENUM_CONVERSION = YES;
				CLANG_WARN_INFINITE_RECURSION = YES;
				CLANG_WARN_INT_CONVERSION = YES;
				CLANG_WARN_NON_LITERAL_NULL_CONVERSION = YES;
				CLANG_WARN_OBJC_IMPLICIT_RETAIN_SELF = YES;
				CLANG_WARN_OBJC_LITERAL_CONVERSION = YES;
				CLANG_WARN_OBJC_ROOT_CLASS = YES_ERROR;
				CLANG_WARN_QUOTED_INCLUDE_IN_FRAMEWORK_HEADER = YES;
				CLANG_WARN_RANGE_LOOP_ANALYSIS = YES;
				CLANG_WARN_STRICT_PROTOTYPES = YES;
				CLANG_WARN_SUSPICIOUS_MOVE = YES;
				CLANG_WARN_UNGUARDED_AVAILABILITY = YES_AGGRESSIVE;
				CLANG_WARN_UNREACHABLE_CODE = YES;
				CLANG_WARN__DUPLICATE_METHOD_MATCH = YES;
				COPY_PHASE_STRIP = NO;
				DEBUG_INFORMATION_FORMAT = dwarf;
				ENABLE_STRICT_OBJC_MSGSEND = YES;
				ENABLE_TESTABILITY = YES;
				GCC_C_LANGUAGE_STANDARD = gnu11;
				GCC_DYNAMIC_NO_PIC = NO;
				GCC_NO_COMMON_BLOCKS = YES;
				GCC_OPTIMIZATION_LEVEL = 0;
				GCC_PREPROCESSOR_DEFINITIONS = (
					"DEBUG=1",
					"$(inherited)",
				);
				GCC_WARN_64_TO_32_BIT_CONVERSION = YES;
				GCC_WARN_ABOUT_RETURN_TYPE = YES_ERROR;
				GCC_WARN_UNDECLARED_SELECTOR = YES;
				GCC_WARN_UNINITIALIZED_AUTOS = YES_AGGRESSIVE;
				GCC_WARN_UNUSED_FUNCTION = YES;
				GCC_WARN_UNUSED_VARIABLE = YES;
				IPHONEOS_DEPLOYMENT_TARGET = 16.0;
				MTL_ENABLE_DEBUG_INFO = INCLUDE_SOURCE;
				MTL_FAST_MATH = YES;
				ONLY_ACTIVE_ARCH = YES;
				SDKROOT = iphoneos;
				SWIFT_ACTIVE_COMPILATION_CONDITIONS = DEBUG;
				SWIFT_OPTIMIZATION_LEVEL = "-Onone";
			};
			name = Debug;
		};
		C81C6E4A296CDC9100F2EC1A /* Release */ = {
			isa = XCBuildConfiguration;
			buildSettings = {
				ALWAYS_SEARCH_USER_PATHS = NO;
				CLANG_ANALYZER_NONNULL = YES;
				CLANG_ANALYZER_NUMBER_OBJECT_CONVERSION = YES_AGGRESSIVE;
				CLANG_CXX_LANGUAGE_STANDARD = "gnu++20";
				CLANG_ENABLE_MODULES = YES;
				CLANG_ENABLE_OBJC_ARC = YES;
				CLANG_ENABLE_OBJC_WEAK = YES;
				CLANG_WARN_BLOCK_CAPTURE_AUTORELEASING = YES;
				CLANG_WARN_BOOL_CONVERSION = YES;
				CLANG_WARN_COMMA = YES;
				CLANG_WARN_CONSTANT_CONVERSION = YES;
				CLANG_WARN_DEPRECATED_OBJC_IMPLEMENTATIONS = YES;
				CLANG_WARN_DIRECT_OBJC_ISA_USAGE = YES_ERROR;
				CLANG_WARN_DOCUMENTATION_COMMENTS = YES;
				CLANG_WARN_EMPTY_BODY = YES;
				CLANG_WARN_ENUM_CONVERSION = YES;
				CLANG_WARN_INFINITE_RECURSION = YES;
				CLANG_WARN_INT_CONVERSION = YES;
				CLANG_WARN_NON_LITERAL_NULL_CONVERSION = YES;
				CLANG_WARN_OBJC_IMPLICIT_RETAIN_SELF = YES;
				CLANG_WARN_OBJC_LITERAL_CONVERSION = YES;
				CLANG_WARN_OBJC_ROOT_CLASS = YES_ERROR;
				CLANG_WARN_QUOTED_INCLUDE_IN_FRAMEWORK_HEADER = YES;
				CLANG_WARN_RANGE_LOOP_ANALYSIS = YES;
				CLANG_WARN_STRICT_PROTOTYPES = YES;
				CLANG_WARN_SUSPICIOUS_MOVE = YES;
				CLANG_WARN_UNGUARDED_AVAILABILITY = YES_AGGRESSIVE;
				CLANG_WARN_UNREACHABLE_CODE = YES;
				CLANG_WARN__DUPLICATE_METHOD_MATCH = YES;
				COPY_PHASE_STRIP = NO;
				DEBUG_INFORMATION_FORMAT = "dwarf-with-dsym";
				ENABLE_NS_ASSERTIONS = NO;
				ENABLE_STRICT_OBJC_MSGSEND = YES;
				GCC_C_LANGUAGE_STANDARD = gnu11;
				GCC_NO_COMMON_BLOCKS = YES;
				GCC_WARN_64_TO_32_BIT_CONVERSION = YES;
				GCC_WARN_ABOUT_RETURN_TYPE = YES_ERROR;
				GCC_WARN_UNDECLARED_SELECTOR = YES;
				GCC_WARN_UNINITIALIZED_AUTOS = YES_AGGRESSIVE;
				GCC_WARN_UNUSED_FUNCTION = YES;
				GCC_WARN_UNUSED_VARIABLE = YES;
				IPHONEOS_DEPLOYMENT_TARGET = 16.0;
				MTL_ENABLE_DEBUG_INFO = NO;
				MTL_FAST_MATH = YES;
				SDKROOT = iphoneos;
				SWIFT_COMPILATION_MODE = wholemodule;
				SWIFT_OPTIMIZATION_LEVEL = "-O";
				VALIDATE_PRODUCT = YES;
			};
			name = Release;
		};
		C81C6E4C296CDC9100F2EC1A /* Debug */ = {
			isa = XCBuildConfiguration;
			buildSettings = {
				ASSETCATALOG_COMPILER_APPICON_NAME = AppIcon;
				ASSETCATALOG_COMPILER_GLOBAL_ACCENT_COLOR_NAME = AccentColor;
				CODE_SIGN_STYLE = Automatic;
				CURRENT_PROJECT_VERSION = 1;
				DEVELOPMENT_TEAM = C52UTF3KCV;
				GENERATE_INFOPLIST_FILE = YES;
				INFOPLIST_FILE = SearchDaumBlog/Info.plist;
				INFOPLIST_KEY_UIApplicationSupportsIndirectInputEvents = YES;
				INFOPLIST_KEY_UILaunchStoryboardName = LaunchScreen;
				INFOPLIST_KEY_UISupportedInterfaceOrientations_iPad = "UIInterfaceOrientationPortrait UIInterfaceOrientationPortraitUpsideDown UIInterfaceOrientationLandscapeLeft UIInterfaceOrientationLandscapeRight";
				INFOPLIST_KEY_UISupportedInterfaceOrientations_iPhone = "UIInterfaceOrientationPortrait UIInterfaceOrientationLandscapeLeft UIInterfaceOrientationLandscapeRight";
				LD_RUNPATH_SEARCH_PATHS = (
					"$(inherited)",
					"@executable_path/Frameworks",
				);
				MARKETING_VERSION = 1.0;
				PRODUCT_BUNDLE_IDENTIFIER = com.jessicaKoh.SearchDaumBlog;
				PRODUCT_NAME = "$(TARGET_NAME)";
				SWIFT_EMIT_LOC_STRINGS = YES;
				SWIFT_VERSION = 5.0;
				TARGETED_DEVICE_FAMILY = "1,2";
			};
			name = Debug;
		};
		C81C6E4D296CDC9100F2EC1A /* Release */ = {
			isa = XCBuildConfiguration;
			buildSettings = {
				ASSETCATALOG_COMPILER_APPICON_NAME = AppIcon;
				ASSETCATALOG_COMPILER_GLOBAL_ACCENT_COLOR_NAME = AccentColor;
				CODE_SIGN_STYLE = Automatic;
				CURRENT_PROJECT_VERSION = 1;
				DEVELOPMENT_TEAM = C52UTF3KCV;
				GENERATE_INFOPLIST_FILE = YES;
				INFOPLIST_FILE = SearchDaumBlog/Info.plist;
				INFOPLIST_KEY_UIApplicationSupportsIndirectInputEvents = YES;
				INFOPLIST_KEY_UILaunchStoryboardName = LaunchScreen;
				INFOPLIST_KEY_UISupportedInterfaceOrientations_iPad = "UIInterfaceOrientationPortrait UIInterfaceOrientationPortraitUpsideDown UIInterfaceOrientationLandscapeLeft UIInterfaceOrientationLandscapeRight";
				INFOPLIST_KEY_UISupportedInterfaceOrientations_iPhone = "UIInterfaceOrientationPortrait UIInterfaceOrientationLandscapeLeft UIInterfaceOrientationLandscapeRight";
				LD_RUNPATH_SEARCH_PATHS = (
					"$(inherited)",
					"@executable_path/Frameworks",
				);
				MARKETING_VERSION = 1.0;
				PRODUCT_BUNDLE_IDENTIFIER = com.jessicaKoh.SearchDaumBlog;
				PRODUCT_NAME = "$(TARGET_NAME)";
				SWIFT_EMIT_LOC_STRINGS = YES;
				SWIFT_VERSION = 5.0;
				TARGETED_DEVICE_FAMILY = "1,2";
			};
			name = Release;
		};
/* End XCBuildConfiguration section */

/* Begin XCConfigurationList section */
		C81C6E32296CDC9000F2EC1A /* Build configuration list for PBXProject "SearchDaumBlog" */ = {
			isa = XCConfigurationList;
			buildConfigurations = (
				C81C6E49296CDC9100F2EC1A /* Debug */,
				C81C6E4A296CDC9100F2EC1A /* Release */,
			);
			defaultConfigurationIsVisible = 0;
			defaultConfigurationName = Release;
		};
		C81C6E4B296CDC9100F2EC1A /* Build configuration list for PBXNativeTarget "SearchDaumBlog" */ = {
			isa = XCConfigurationList;
			buildConfigurations = (
				C81C6E4C296CDC9100F2EC1A /* Debug */,
				C81C6E4D296CDC9100F2EC1A /* Release */,
			);
			defaultConfigurationIsVisible = 0;
			defaultConfigurationName = Release;
		};
/* End XCConfigurationList section */

/* Begin XCRemoteSwiftPackageReference section */
		C81C6E4F296CDDE100F2EC1A /* XCRemoteSwiftPackageReference "Kingfisher" */ = {
			isa = XCRemoteSwiftPackageReference;
			repositoryURL = "https://github.com/onevcat/Kingfisher";
			requirement = {
				kind = upToNextMajorVersion;
				minimumVersion = 7.0.0;
			};
		};
		C81C6E52296CDDF200F2EC1A /* XCRemoteSwiftPackageReference "SnapKit" */ = {
			isa = XCRemoteSwiftPackageReference;
			repositoryURL = "https://github.com/SnapKit/SnapKit";
			requirement = {
				kind = upToNextMajorVersion;
				minimumVersion = 5.0.0;
			};
		};
		C81C6E57296D678F00F2EC1A /* XCRemoteSwiftPackageReference "RxSwift" */ = {
			isa = XCRemoteSwiftPackageReference;
			repositoryURL = "https://github.com/ReactiveX/RxSwift";
			requirement = {
				kind = upToNextMajorVersion;
				minimumVersion = 6.0.0;
			};
		};
/* End XCRemoteSwiftPackageReference section */

/* Begin XCSwiftPackageProductDependency section */
		C81C6E50296CDDE100F2EC1A /* Kingfisher */ = {
			isa = XCSwiftPackageProductDependency;
			package = C81C6E4F296CDDE100F2EC1A /* XCRemoteSwiftPackageReference "Kingfisher" */;
			productName = Kingfisher;
		};
		C81C6E53296CDDF200F2EC1A /* SnapKit */ = {
			isa = XCSwiftPackageProductDependency;
			package = C81C6E52296CDDF200F2EC1A /* XCRemoteSwiftPackageReference "SnapKit" */;
			productName = SnapKit;
		};
		C81C6E58296D678F00F2EC1A /* RxCocoa */ = {
			isa = XCSwiftPackageProductDependency;
			package = C81C6E57296D678F00F2EC1A /* XCRemoteSwiftPackageReference "RxSwift" */;
			productName = RxCocoa;
		};
		C81C6E5A296D678F00F2EC1A /* RxRelay */ = {
			isa = XCSwiftPackageProductDependency;
			package = C81C6E57296D678F00F2EC1A /* XCRemoteSwiftPackageReference "RxSwift" */;
			productName = RxRelay;
		};
		C81C6E5C296D678F00F2EC1A /* RxSwift */ = {
			isa = XCSwiftPackageProductDependency;
			package = C81C6E57296D678F00F2EC1A /* XCRemoteSwiftPackageReference "RxSwift" */;
			productName = RxSwift;
		};
/* End XCSwiftPackageProductDependency section */
	};
	rootObject = C81C6E2F296CDC9000F2EC1A /* Project object */;
}
