// !$*UTF8*$!
{
	archiveVersion = 1;
	classes = {
	};
	objectVersion = 56;
	objects = {

/* Begin PBXBuildFile section */
		C83C447D296402F60008F18A /* ProfileViewController.swift in Sources */ = {isa = PBXBuildFile; fileRef = C83C447C296402F60008F18A /* ProfileViewController.swift */; };
		C83C447F296418A60008F18A /* ProfileDataView.swift in Sources */ = {isa = PBXBuildFile; fileRef = C83C447E296418A60008F18A /* ProfileDataView.swift */; };
		C83C44812964272A0008F18A /* UICollectionViewCell.swift in Sources */ = {isa = PBXBuildFile; fileRef = C83C44802964272A0008F18A /* UICollectionViewCell.swift */; };
		C8F9C17B2963E92E008AB285 /* AppDelegate.swift in Sources */ = {isa = PBXBuildFile; fileRef = C8F9C17A2963E92E008AB285 /* AppDelegate.swift */; };
		C8F9C17D2963E92E008AB285 /* SceneDelegate.swift in Sources */ = {isa = PBXBuildFile; fileRef = C8F9C17C2963E92E008AB285 /* SceneDelegate.swift */; };
		C8F9C17F2963E92E008AB285 /* FeedViewController.swift in Sources */ = {isa = PBXBuildFile; fileRef = C8F9C17E2963E92E008AB285 /* FeedViewController.swift */; };
		C8F9C1852963E92E008AB285 /* Outstagram.xcdatamodeld in Sources */ = {isa = PBXBuildFile; fileRef = C8F9C1832963E92E008AB285 /* Outstagram.xcdatamodeld */; };
		C8F9C1872963E930008AB285 /* Assets.xcassets in Resources */ = {isa = PBXBuildFile; fileRef = C8F9C1862963E930008AB285 /* Assets.xcassets */; };
		C8F9C18A2963E930008AB285 /* LaunchScreen.storyboard in Resources */ = {isa = PBXBuildFile; fileRef = C8F9C1882963E930008AB285 /* LaunchScreen.storyboard */; };
		C8F9C1932963EC18008AB285 /* SnapKit in Frameworks */ = {isa = PBXBuildFile; productRef = C8F9C1922963EC18008AB285 /* SnapKit */; };
		C8F9C1952963F0DF008AB285 /* TapBarController.swift in Sources */ = {isa = PBXBuildFile; fileRef = C8F9C1942963F0DF008AB285 /* TapBarController.swift */; };
		C8F9C1982963F589008AB285 /* FeedTableViewCell.swift in Sources */ = {isa = PBXBuildFile; fileRef = C8F9C1972963F589008AB285 /* FeedTableViewCell.swift */; };
		C8F9C19B2963FF32008AB285 /* UIButton+.swift in Sources */ = {isa = PBXBuildFile; fileRef = C8F9C19A2963FF32008AB285 /* UIButton+.swift */; };
/* End PBXBuildFile section */

/* Begin PBXFileReference section */
		C83C447C296402F60008F18A /* ProfileViewController.swift */ = {isa = PBXFileReference; lastKnownFileType = sourcecode.swift; path = ProfileViewController.swift; sourceTree = "<group>"; };
		C83C447E296418A60008F18A /* ProfileDataView.swift */ = {isa = PBXFileReference; lastKnownFileType = sourcecode.swift; path = ProfileDataView.swift; sourceTree = "<group>"; };
		C83C44802964272A0008F18A /* UICollectionViewCell.swift */ = {isa = PBXFileReference; lastKnownFileType = sourcecode.swift; path = UICollectionViewCell.swift; sourceTree = "<group>"; };
		C8F9C1772963E92E008AB285 /* Outstagram.app */ = {isa = PBXFileReference; explicitFileType = wrapper.application; includeInIndex = 0; path = Outstagram.app; sourceTree = BUILT_PRODUCTS_DIR; };
		C8F9C17A2963E92E008AB285 /* AppDelegate.swift */ = {isa = PBXFileReference; lastKnownFileType = sourcecode.swift; path = AppDelegate.swift; sourceTree = "<group>"; };
		C8F9C17C2963E92E008AB285 /* SceneDelegate.swift */ = {isa = PBXFileReference; lastKnownFileType = sourcecode.swift; path = SceneDelegate.swift; sourceTree = "<group>"; };
		C8F9C17E2963E92E008AB285 /* FeedViewController.swift */ = {isa = PBXFileReference; lastKnownFileType = sourcecode.swift; path = FeedViewController.swift; sourceTree = "<group>"; };
		C8F9C1842963E92E008AB285 /* Outstagram.xcdatamodel */ = {isa = PBXFileReference; lastKnownFileType = wrapper.xcdatamodel; path = Outstagram.xcdatamodel; sourceTree = "<group>"; };
		C8F9C1862963E930008AB285 /* Assets.xcassets */ = {isa = PBXFileReference; lastKnownFileType = folder.assetcatalog; path = Assets.xcassets; sourceTree = "<group>"; };
		C8F9C1892963E930008AB285 /* Base */ = {isa = PBXFileReference; lastKnownFileType = file.storyboard; name = Base; path = Base.lproj/LaunchScreen.storyboard; sourceTree = "<group>"; };
		C8F9C18B2963E930008AB285 /* Info.plist */ = {isa = PBXFileReference; lastKnownFileType = text.plist.xml; path = Info.plist; sourceTree = "<group>"; };
		C8F9C1942963F0DF008AB285 /* TapBarController.swift */ = {isa = PBXFileReference; lastKnownFileType = sourcecode.swift; path = TapBarController.swift; sourceTree = "<group>"; };
		C8F9C1972963F589008AB285 /* FeedTableViewCell.swift */ = {isa = PBXFileReference; lastKnownFileType = sourcecode.swift; path = FeedTableViewCell.swift; sourceTree = "<group>"; };
		C8F9C19A2963FF32008AB285 /* UIButton+.swift */ = {isa = PBXFileReference; lastKnownFileType = sourcecode.swift; path = "UIButton+.swift"; sourceTree = "<group>"; };
/* End PBXFileReference section */

/* Begin PBXFrameworksBuildPhase section */
		C8F9C1742963E92E008AB285 /* Frameworks */ = {
			isa = PBXFrameworksBuildPhase;
			buildActionMask = 2147483647;
			files = (
				C8F9C1932963EC18008AB285 /* SnapKit in Frameworks */,
			);
			runOnlyForDeploymentPostprocessing = 0;
		};
/* End PBXFrameworksBuildPhase section */

/* Begin PBXGroup section */
		C8F9C16E2963E92E008AB285 = {
			isa = PBXGroup;
			children = (
				C8F9C1792963E92E008AB285 /* Outstagram */,
				C8F9C1782963E92E008AB285 /* Products */,
			);
			sourceTree = "<group>";
		};
		C8F9C1782963E92E008AB285 /* Products */ = {
			isa = PBXGroup;
			children = (
				C8F9C1772963E92E008AB285 /* Outstagram.app */,
			);
			name = Products;
			sourceTree = "<group>";
		};
		C8F9C1792963E92E008AB285 /* Outstagram */ = {
			isa = PBXGroup;
			children = (
				C8F9C17A2963E92E008AB285 /* AppDelegate.swift */,
				C8F9C17C2963E92E008AB285 /* SceneDelegate.swift */,
				C8F9C1992963F58E008AB285 /* Views */,
				C8F9C1962963F0E9008AB285 /* Controllers */,
				C8F9C1862963E930008AB285 /* Assets.xcassets */,
				C8F9C1882963E930008AB285 /* LaunchScreen.storyboard */,
				C8F9C18B2963E930008AB285 /* Info.plist */,
				C8F9C1832963E92E008AB285 /* Outstagram.xcdatamodeld */,
			);
			path = Outstagram;
			sourceTree = "<group>";
		};
		C8F9C1962963F0E9008AB285 /* Controllers */ = {
			isa = PBXGroup;
			children = (
				C8F9C17E2963E92E008AB285 /* FeedViewController.swift */,
				C8F9C1942963F0DF008AB285 /* TapBarController.swift */,
				C83C447C296402F60008F18A /* ProfileViewController.swift */,
				C83C447E296418A60008F18A /* ProfileDataView.swift */,
			);
			path = Controllers;
			sourceTree = "<group>";
		};
		C8F9C1992963F58E008AB285 /* Views */ = {
			isa = PBXGroup;
			children = (
				C8F9C19A2963FF32008AB285 /* UIButton+.swift */,
				C83C44802964272A0008F18A /* UICollectionViewCell.swift */,
				C8F9C1972963F589008AB285 /* FeedTableViewCell.swift */,
			);
			path = Views;
			sourceTree = "<group>";
		};
/* End PBXGroup section */

/* Begin PBXNativeTarget section */
		C8F9C1762963E92E008AB285 /* Outstagram */ = {
			isa = PBXNativeTarget;
			buildConfigurationList = C8F9C18E2963E930008AB285 /* Build configuration list for PBXNativeTarget "Outstagram" */;
			buildPhases = (
				C8F9C1732963E92E008AB285 /* Sources */,
				C8F9C1742963E92E008AB285 /* Frameworks */,
				C8F9C1752963E92E008AB285 /* Resources */,
			);
			buildRules = (
			);
			dependencies = (
			);
			name = Outstagram;
			packageProductDependencies = (
				C8F9C1922963EC18008AB285 /* SnapKit */,
			);
			productName = Outstagram;
			productReference = C8F9C1772963E92E008AB285 /* Outstagram.app */;
			productType = "com.apple.product-type.application";
		};
/* End PBXNativeTarget section */

/* Begin PBXProject section */
		C8F9C16F2963E92E008AB285 /* Project object */ = {
			isa = PBXProject;
			attributes = {
				BuildIndependentTargetsInParallel = 1;
				LastSwiftUpdateCheck = 1400;
				LastUpgradeCheck = 1400;
				TargetAttributes = {
					C8F9C1762963E92E008AB285 = {
						CreatedOnToolsVersion = 14.0.1;
					};
				};
			};
			buildConfigurationList = C8F9C1722963E92E008AB285 /* Build configuration list for PBXProject "Outstagram" */;
			compatibilityVersion = "Xcode 14.0";
			developmentRegion = en;
			hasScannedForEncodings = 0;
			knownRegions = (
				en,
				Base,
			);
			mainGroup = C8F9C16E2963E92E008AB285;
			packageReferences = (
				C8F9C1912963EC18008AB285 /* XCRemoteSwiftPackageReference "SnapKit" */,
			);
			productRefGroup = C8F9C1782963E92E008AB285 /* Products */;
			projectDirPath = "";
			projectRoot = "";
			targets = (
				C8F9C1762963E92E008AB285 /* Outstagram */,
			);
		};
/* End PBXProject section */

/* Begin PBXResourcesBuildPhase section */
		C8F9C1752963E92E008AB285 /* Resources */ = {
			isa = PBXResourcesBuildPhase;
			buildActionMask = 2147483647;
			files = (
				C8F9C18A2963E930008AB285 /* LaunchScreen.storyboard in Resources */,
				C8F9C1872963E930008AB285 /* Assets.xcassets in Resources */,
			);
			runOnlyForDeploymentPostprocessing = 0;
		};
/* End PBXResourcesBuildPhase section */

/* Begin PBXSourcesBuildPhase section */
		C8F9C1732963E92E008AB285 /* Sources */ = {
			isa = PBXSourcesBuildPhase;
			buildActionMask = 2147483647;
			files = (
				C8F9C17F2963E92E008AB285 /* FeedViewController.swift in Sources */,
				C8F9C19B2963FF32008AB285 /* UIButton+.swift in Sources */,
				C83C44812964272A0008F18A /* UICollectionViewCell.swift in Sources */,
				C8F9C1982963F589008AB285 /* FeedTableViewCell.swift in Sources */,
				C8F9C1952963F0DF008AB285 /* TapBarController.swift in Sources */,
				C8F9C17B2963E92E008AB285 /* AppDelegate.swift in Sources */,
				C8F9C1852963E92E008AB285 /* Outstagram.xcdatamodeld in Sources */,
				C83C447D296402F60008F18A /* ProfileViewController.swift in Sources */,
				C8F9C17D2963E92E008AB285 /* SceneDelegate.swift in Sources */,
				C83C447F296418A60008F18A /* ProfileDataView.swift in Sources */,
			);
			runOnlyForDeploymentPostprocessing = 0;
		};
/* End PBXSourcesBuildPhase section */

/* Begin PBXVariantGroup section */
		C8F9C1882963E930008AB285 /* LaunchScreen.storyboard */ = {
			isa = PBXVariantGroup;
			children = (
				C8F9C1892963E930008AB285 /* Base */,
			);
			name = LaunchScreen.storyboard;
			sourceTree = "<group>";
		};
/* End PBXVariantGroup section */

/* Begin XCBuildConfiguration section */
		C8F9C18C2963E930008AB285 /* Debug */ = {
			isa = XCBuildConfiguration;
			buildSettings = {
				ALWAYS_SEARCH_USER_PATHS = NO;
				CLANG_ANALYZER_NONNULL = YES;
				CLANG_ANALYZER_NUMBER_OBJECT_CONVERSION = YES_AGGRESSIVE;
				CLANG_CXX_LANGUAGE_STANDARD = "gnu++20";
				CLANG_ENABLE_MODULES = YES;
				CLANG_ENABLE_OBJC_ARC = YES;
				CLANG_ENABLE_OBJC_WEAK = YES;
				CLANG_WARN_BLOCK_CAPTURE_AUTORELEASING = YES;
				CLANG_WARN_BOOL_CONVERSION = YES;
				CLANG_WARN_COMMA = YES;
				CLANG_WARN_CONSTANT_CONVERSION = YES;
				CLANG_WARN_DEPRECATED_OBJC_IMPLEMENTATIONS = YES;
				CLANG_WARN_DIRECT_OBJC_ISA_USAGE = YES_ERROR;
				CLANG_WARN_DOCUMENTATION_COMMENTS = YES;
				CLANG_WARN_EMPTY_BODY = YES;
				CLANG_WARN_ENUM_CONVERSION = YES;
				CLANG_WARN_INFINITE_RECURSION = YES;
				CLANG_WARN_INT_CONVERSION = YES;
				CLANG_WARN_NON_LITERAL_NULL_CONVERSION = YES;
				CLANG_WARN_OBJC_IMPLICIT_RETAIN_SELF = YES;
				CLANG_WARN_OBJC_LITERAL_CONVERSION = YES;
				CLANG_WARN_OBJC_ROOT_CLASS = YES_ERROR;
				CLANG_WARN_QUOTED_INCLUDE_IN_FRAMEWORK_HEADER = YES;
				CLANG_WARN_RANGE_LOOP_ANALYSIS = YES;
				CLANG_WARN_STRICT_PROTOTYPES = YES;
				CLANG_WARN_SUSPICIOUS_MOVE = YES;
				CLANG_WARN_UNGUARDED_AVAILABILITY = YES_AGGRESSIVE;
				CLANG_WARN_UNREACHABLE_CODE = YES;
				CLANG_WARN__DUPLICATE_METHOD_MATCH = YES;
				COPY_PHASE_STRIP = NO;
				DEBUG_INFORMATION_FORMAT = dwarf;
				ENABLE_STRICT_OBJC_MSGSEND = YES;
				ENABLE_TESTABILITY = YES;
				GCC_C_LANGUAGE_STANDARD = gnu11;
				GCC_DYNAMIC_NO_PIC = NO;
				GCC_NO_COMMON_BLOCKS = YES;
				GCC_OPTIMIZATION_LEVEL = 0;
				GCC_PREPROCESSOR_DEFINITIONS = (
					"DEBUG=1",
					"$(inherited)",
				);
				GCC_WARN_64_TO_32_BIT_CONVERSION = YES;
				GCC_WARN_ABOUT_RETURN_TYPE = YES_ERROR;
				GCC_WARN_UNDECLARED_SELECTOR = YES;
				GCC_WARN_UNINITIALIZED_AUTOS = YES_AGGRESSIVE;
				GCC_WARN_UNUSED_FUNCTION = YES;
				GCC_WARN_UNUSED_VARIABLE = YES;
				IPHONEOS_DEPLOYMENT_TARGET = 16.0;
				MTL_ENABLE_DEBUG_INFO = INCLUDE_SOURCE;
				MTL_FAST_MATH = YES;
				ONLY_ACTIVE_ARCH = YES;
				SDKROOT = iphoneos;
				SWIFT_ACTIVE_COMPILATION_CONDITIONS = DEBUG;
				SWIFT_OPTIMIZATION_LEVEL = "-Onone";
			};
			name = Debug;
		};
		C8F9C18D2963E930008AB285 /* Release */ = {
			isa = XCBuildConfiguration;
			buildSettings = {
				ALWAYS_SEARCH_USER_PATHS = NO;
				CLANG_ANALYZER_NONNULL = YES;
				CLANG_ANALYZER_NUMBER_OBJECT_CONVERSION = YES_AGGRESSIVE;
				CLANG_CXX_LANGUAGE_STANDARD = "gnu++20";
				CLANG_ENABLE_MODULES = YES;
				CLANG_ENABLE_OBJC_ARC = YES;
				CLANG_ENABLE_OBJC_WEAK = YES;
				CLANG_WARN_BLOCK_CAPTURE_AUTORELEASING = YES;
				CLANG_WARN_BOOL_CONVERSION = YES;
				CLANG_WARN_COMMA = YES;
				CLANG_WARN_CONSTANT_CONVERSION = YES;
				CLANG_WARN_DEPRECATED_OBJC_IMPLEMENTATIONS = YES;
				CLANG_WARN_DIRECT_OBJC_ISA_USAGE = YES_ERROR;
				CLANG_WARN_DOCUMENTATION_COMMENTS = YES;
				CLANG_WARN_EMPTY_BODY = YES;
				CLANG_WARN_ENUM_CONVERSION = YES;
				CLANG_WARN_INFINITE_RECURSION = YES;
				CLANG_WARN_INT_CONVERSION = YES;
				CLANG_WARN_NON_LITERAL_NULL_CONVERSION = YES;
				CLANG_WARN_OBJC_IMPLICIT_RETAIN_SELF = YES;
				CLANG_WARN_OBJC_LITERAL_CONVERSION = YES;
				CLANG_WARN_OBJC_ROOT_CLASS = YES_ERROR;
				CLANG_WARN_QUOTED_INCLUDE_IN_FRAMEWORK_HEADER = YES;
				CLANG_WARN_RANGE_LOOP_ANALYSIS = YES;
				CLANG_WARN_STRICT_PROTOTYPES = YES;
				CLANG_WARN_SUSPICIOUS_MOVE = YES;
				CLANG_WARN_UNGUARDED_AVAILABILITY = YES_AGGRESSIVE;
				CLANG_WARN_UNREACHABLE_CODE = YES;
				CLANG_WARN__DUPLICATE_METHOD_MATCH = YES;
				COPY_PHASE_STRIP = NO;
				DEBUG_INFORMATION_FORMAT = "dwarf-with-dsym";
				ENABLE_NS_ASSERTIONS = NO;
				ENABLE_STRICT_OBJC_MSGSEND = YES;
				GCC_C_LANGUAGE_STANDARD = gnu11;
				GCC_NO_COMMON_BLOCKS = YES;
				GCC_WARN_64_TO_32_BIT_CONVERSION = YES;
				GCC_WARN_ABOUT_RETURN_TYPE = YES_ERROR;
				GCC_WARN_UNDECLARED_SELECTOR = YES;
				GCC_WARN_UNINITIALIZED_AUTOS = YES_AGGRESSIVE;
				GCC_WARN_UNUSED_FUNCTION = YES;
				GCC_WARN_UNUSED_VARIABLE = YES;
				IPHONEOS_DEPLOYMENT_TARGET = 16.0;
				MTL_ENABLE_DEBUG_INFO = NO;
				MTL_FAST_MATH = YES;
				SDKROOT = iphoneos;
				SWIFT_COMPILATION_MODE = wholemodule;
				SWIFT_OPTIMIZATION_LEVEL = "-O";
				VALIDATE_PRODUCT = YES;
			};
			name = Release;
		};
		C8F9C18F2963E930008AB285 /* Debug */ = {
			isa = XCBuildConfiguration;
			buildSettings = {
				ASSETCATALOG_COMPILER_APPICON_NAME = AppIcon;
				ASSETCATALOG_COMPILER_GLOBAL_ACCENT_COLOR_NAME = AccentColor;
				CODE_SIGN_STYLE = Automatic;
				CURRENT_PROJECT_VERSION = 1;
				DEVELOPMENT_TEAM = C52UTF3KCV;
				GENERATE_INFOPLIST_FILE = YES;
				INFOPLIST_FILE = Outstagram/Info.plist;
				INFOPLIST_KEY_UIApplicationSupportsIndirectInputEvents = YES;
				INFOPLIST_KEY_UILaunchStoryboardName = LaunchScreen;
				INFOPLIST_KEY_UISupportedInterfaceOrientations_iPad = "UIInterfaceOrientationPortrait UIInterfaceOrientationPortraitUpsideDown UIInterfaceOrientationLandscapeLeft UIInterfaceOrientationLandscapeRight";
				INFOPLIST_KEY_UISupportedInterfaceOrientations_iPhone = "UIInterfaceOrientationPortrait UIInterfaceOrientationLandscapeLeft UIInterfaceOrientationLandscapeRight";
				LD_RUNPATH_SEARCH_PATHS = (
					"$(inherited)",
					"@executable_path/Frameworks",
				);
				MARKETING_VERSION = 1.0;
				PRODUCT_BUNDLE_IDENTIFIER = com.jessicaKoh.Outstagram;
				PRODUCT_NAME = "$(TARGET_NAME)";
				SWIFT_EMIT_LOC_STRINGS = YES;
				SWIFT_VERSION = 5.0;
				TARGETED_DEVICE_FAMILY = "1,2";
			};
			name = Debug;
		};
		C8F9C1902963E930008AB285 /* Release */ = {
			isa = XCBuildConfiguration;
			buildSettings = {
				ASSETCATALOG_COMPILER_APPICON_NAME = AppIcon;
				ASSETCATALOG_COMPILER_GLOBAL_ACCENT_COLOR_NAME = AccentColor;
				CODE_SIGN_STYLE = Automatic;
				CURRENT_PROJECT_VERSION = 1;
				DEVELOPMENT_TEAM = C52UTF3KCV;
				GENERATE_INFOPLIST_FILE = YES;
				INFOPLIST_FILE = Outstagram/Info.plist;
				INFOPLIST_KEY_UIApplicationSupportsIndirectInputEvents = YES;
				INFOPLIST_KEY_UILaunchStoryboardName = LaunchScreen;
				INFOPLIST_KEY_UISupportedInterfaceOrientations_iPad = "UIInterfaceOrientationPortrait UIInterfaceOrientationPortraitUpsideDown UIInterfaceOrientationLandscapeLeft UIInterfaceOrientationLandscapeRight";
				INFOPLIST_KEY_UISupportedInterfaceOrientations_iPhone = "UIInterfaceOrientationPortrait UIInterfaceOrientationLandscapeLeft UIInterfaceOrientationLandscapeRight";
				LD_RUNPATH_SEARCH_PATHS = (
					"$(inherited)",
					"@executable_path/Frameworks",
				);
				MARKETING_VERSION = 1.0;
				PRODUCT_BUNDLE_IDENTIFIER = com.jessicaKoh.Outstagram;
				PRODUCT_NAME = "$(TARGET_NAME)";
				SWIFT_EMIT_LOC_STRINGS = YES;
				SWIFT_VERSION = 5.0;
				TARGETED_DEVICE_FAMILY = "1,2";
			};
			name = Release;
		};
/* End XCBuildConfiguration section */

/* Begin XCConfigurationList section */
		C8F9C1722963E92E008AB285 /* Build configuration list for PBXProject "Outstagram" */ = {
			isa = XCConfigurationList;
			buildConfigurations = (
				C8F9C18C2963E930008AB285 /* Debug */,
				C8F9C18D2963E930008AB285 /* Release */,
			);
			defaultConfigurationIsVisible = 0;
			defaultConfigurationName = Release;
		};
		C8F9C18E2963E930008AB285 /* Build configuration list for PBXNativeTarget "Outstagram" */ = {
			isa = XCConfigurationList;
			buildConfigurations = (
				C8F9C18F2963E930008AB285 /* Debug */,
				C8F9C1902963E930008AB285 /* Release */,
			);
			defaultConfigurationIsVisible = 0;
			defaultConfigurationName = Release;
		};
/* End XCConfigurationList section */

/* Begin XCRemoteSwiftPackageReference section */
		C8F9C1912963EC18008AB285 /* XCRemoteSwiftPackageReference "SnapKit" */ = {
			isa = XCRemoteSwiftPackageReference;
			repositoryURL = "https://github.com/SnapKit/SnapKit.git";
			requirement = {
				branch = develop;
				kind = branch;
			};
		};
/* End XCRemoteSwiftPackageReference section */

/* Begin XCSwiftPackageProductDependency section */
		C8F9C1922963EC18008AB285 /* SnapKit */ = {
			isa = XCSwiftPackageProductDependency;
			package = C8F9C1912963EC18008AB285 /* XCRemoteSwiftPackageReference "SnapKit" */;
			productName = SnapKit;
		};
/* End XCSwiftPackageProductDependency section */

/* Begin XCVersionGroup section */
		C8F9C1832963E92E008AB285 /* Outstagram.xcdatamodeld */ = {
			isa = XCVersionGroup;
			children = (
				C8F9C1842963E92E008AB285 /* Outstagram.xcdatamodel */,
			);
			currentVersion = C8F9C1842963E92E008AB285 /* Outstagram.xcdatamodel */;
			path = Outstagram.xcdatamodeld;
			sourceTree = "<group>";
			versionGroupType = wrapper.xcdatamodel;
		};
/* End XCVersionGroup section */
	};
	rootObject = C8F9C16F2963E92E008AB285 /* Project object */;
}
