// !$*UTF8*$!
{
	archiveVersion = 1;
	classes = {
	};
	objectVersion = 56;
	objects = {

/* Begin PBXBuildFile section */
		C879ACB1295EC91500A0BBC8 /* AppDelegate.swift in Sources */ = {isa = PBXBuildFile; fileRef = C879ACB0295EC91500A0BBC8 /* AppDelegate.swift */; };
		C879ACB3295EC91500A0BBC8 /* SceneDelegate.swift in Sources */ = {isa = PBXBuildFile; fileRef = C879ACB2295EC91500A0BBC8 /* SceneDelegate.swift */; };
		C879ACB5295EC91500A0BBC8 /* StationSearchViewController.swift in Sources */ = {isa = PBXBuildFile; fileRef = C879ACB4295EC91500A0BBC8 /* StationSearchViewController.swift */; };
		C879ACBB295EC91500A0BBC8 /* SubwayStation.xcdatamodeld in Sources */ = {isa = PBXBuildFile; fileRef = C879ACB9295EC91500A0BBC8 /* SubwayStation.xcdatamodeld */; };
		C879ACBD295EC91700A0BBC8 /* Assets.xcassets in Resources */ = {isa = PBXBuildFile; fileRef = C879ACBC295EC91700A0BBC8 /* Assets.xcassets */; };
		C879ACC0295EC91700A0BBC8 /* LaunchScreen.storyboard in Resources */ = {isa = PBXBuildFile; fileRef = C879ACBE295EC91700A0BBC8 /* LaunchScreen.storyboard */; };
		C879ACC9295EC98C00A0BBC8 /* SnapKit in Frameworks */ = {isa = PBXBuildFile; productRef = C879ACC8295EC98C00A0BBC8 /* SnapKit */; };
		C879ACCC295ECA0C00A0BBC8 /* Alamofire in Frameworks */ = {isa = PBXBuildFile; productRef = C879ACCB295ECA0C00A0BBC8 /* Alamofire */; };
		C879ACCF295ED6E900A0BBC8 /* StationDeltailViewController.swift in Sources */ = {isa = PBXBuildFile; fileRef = C879ACCE295ED6E900A0BBC8 /* StationDeltailViewController.swift */; };
		C8E48BA2295EDA4100141F0C /* StationDetailCollectionViewCell.swift in Sources */ = {isa = PBXBuildFile; fileRef = C8E48BA1295EDA4100141F0C /* StationDetailCollectionViewCell.swift */; };
/* End PBXBuildFile section */

/* Begin PBXFileReference section */
		C879ACAD295EC91500A0BBC8 /* SubwayStation.app */ = {isa = PBXFileReference; explicitFileType = wrapper.application; includeInIndex = 0; path = SubwayStation.app; sourceTree = BUILT_PRODUCTS_DIR; };
		C879ACB0295EC91500A0BBC8 /* AppDelegate.swift */ = {isa = PBXFileReference; lastKnownFileType = sourcecode.swift; path = AppDelegate.swift; sourceTree = "<group>"; };
		C879ACB2295EC91500A0BBC8 /* SceneDelegate.swift */ = {isa = PBXFileReference; lastKnownFileType = sourcecode.swift; path = SceneDelegate.swift; sourceTree = "<group>"; };
		C879ACB4295EC91500A0BBC8 /* StationSearchViewController.swift */ = {isa = PBXFileReference; lastKnownFileType = sourcecode.swift; path = StationSearchViewController.swift; sourceTree = "<group>"; };
		C879ACBA295EC91500A0BBC8 /* SubwayStation.xcdatamodel */ = {isa = PBXFileReference; lastKnownFileType = wrapper.xcdatamodel; path = SubwayStation.xcdatamodel; sourceTree = "<group>"; };
		C879ACBC295EC91700A0BBC8 /* Assets.xcassets */ = {isa = PBXFileReference; lastKnownFileType = folder.assetcatalog; path = Assets.xcassets; sourceTree = "<group>"; };
		C879ACBF295EC91700A0BBC8 /* Base */ = {isa = PBXFileReference; lastKnownFileType = file.storyboard; name = Base; path = Base.lproj/LaunchScreen.storyboard; sourceTree = "<group>"; };
		C879ACC1295EC91700A0BBC8 /* Info.plist */ = {isa = PBXFileReference; lastKnownFileType = text.plist.xml; path = Info.plist; sourceTree = "<group>"; };
		C879ACCE295ED6E900A0BBC8 /* StationDeltailViewController.swift */ = {isa = PBXFileReference; lastKnownFileType = sourcecode.swift; path = StationDeltailViewController.swift; sourceTree = "<group>"; };
		C8E48BA1295EDA4100141F0C /* StationDetailCollectionViewCell.swift */ = {isa = PBXFileReference; lastKnownFileType = sourcecode.swift; path = StationDetailCollectionViewCell.swift; sourceTree = "<group>"; };
/* End PBXFileReference section */

/* Begin PBXFrameworksBuildPhase section */
		C879ACAA295EC91500A0BBC8 /* Frameworks */ = {
			isa = PBXFrameworksBuildPhase;
			buildActionMask = 2147483647;
			files = (
				C879ACC9295EC98C00A0BBC8 /* SnapKit in Frameworks */,
				C879ACCC295ECA0C00A0BBC8 /* Alamofire in Frameworks */,
			);
			runOnlyForDeploymentPostprocessing = 0;
		};
/* End PBXFrameworksBuildPhase section */

/* Begin PBXGroup section */
		C879ACA4295EC91500A0BBC8 = {
			isa = PBXGroup;
			children = (
				C879ACAF295EC91500A0BBC8 /* SubwayStation */,
				C879ACAE295EC91500A0BBC8 /* Products */,
			);
			sourceTree = "<group>";
		};
		C879ACAE295EC91500A0BBC8 /* Products */ = {
			isa = PBXGroup;
			children = (
				C879ACAD295EC91500A0BBC8 /* SubwayStation.app */,
			);
			name = Products;
			sourceTree = "<group>";
		};
		C879ACAF295EC91500A0BBC8 /* SubwayStation */ = {
			isa = PBXGroup;
			children = (
				C879ACB0295EC91500A0BBC8 /* AppDelegate.swift */,
				C879ACB2295EC91500A0BBC8 /* SceneDelegate.swift */,
				C879ACCD295ED6C900A0BBC8 /* Scenes */,
				C879ACBC295EC91700A0BBC8 /* Assets.xcassets */,
				C879ACBE295EC91700A0BBC8 /* LaunchScreen.storyboard */,
				C879ACC1295EC91700A0BBC8 /* Info.plist */,
				C879ACB9295EC91500A0BBC8 /* SubwayStation.xcdatamodeld */,
			);
			path = SubwayStation;
			sourceTree = "<group>";
		};
		C879ACCD295ED6C900A0BBC8 /* Scenes */ = {
			isa = PBXGroup;
			children = (
				C879ACB4295EC91500A0BBC8 /* StationSearchViewController.swift */,
				C879ACCE295ED6E900A0BBC8 /* StationDeltailViewController.swift */,
				C8E48BA1295EDA4100141F0C /* StationDetailCollectionViewCell.swift */,
			);
			path = Scenes;
			sourceTree = "<group>";
		};
/* End PBXGroup section */

/* Begin PBXNativeTarget section */
		C879ACAC295EC91500A0BBC8 /* SubwayStation */ = {
			isa = PBXNativeTarget;
			buildConfigurationList = C879ACC4295EC91700A0BBC8 /* Build configuration list for PBXNativeTarget "SubwayStation" */;
			buildPhases = (
				C879ACA9295EC91500A0BBC8 /* Sources */,
				C879ACAA295EC91500A0BBC8 /* Frameworks */,
				C879ACAB295EC91500A0BBC8 /* Resources */,
			);
			buildRules = (
			);
			dependencies = (
			);
			name = SubwayStation;
			packageProductDependencies = (
				C879ACC8295EC98C00A0BBC8 /* SnapKit */,
				C879ACCB295ECA0C00A0BBC8 /* Alamofire */,
			);
			productName = SubwayStation;
			productReference = C879ACAD295EC91500A0BBC8 /* SubwayStation.app */;
			productType = "com.apple.product-type.application";
		};
/* End PBXNativeTarget section */

/* Begin PBXProject section */
		C879ACA5295EC91500A0BBC8 /* Project object */ = {
			isa = PBXProject;
			attributes = {
				BuildIndependentTargetsInParallel = 1;
				LastSwiftUpdateCheck = 1400;
				LastUpgradeCheck = 1400;
				TargetAttributes = {
					C879ACAC295EC91500A0BBC8 = {
						CreatedOnToolsVersion = 14.0.1;
					};
				};
			};
			buildConfigurationList = C879ACA8295EC91500A0BBC8 /* Build configuration list for PBXProject "SubwayStation" */;
			compatibilityVersion = "Xcode 14.0";
			developmentRegion = en;
			hasScannedForEncodings = 0;
			knownRegions = (
				en,
				Base,
			);
			mainGroup = C879ACA4295EC91500A0BBC8;
			packageReferences = (
				C879ACC7295EC98C00A0BBC8 /* XCRemoteSwiftPackageReference "SnapKit" */,
				C879ACCA295ECA0C00A0BBC8 /* XCRemoteSwiftPackageReference "Alamofire" */,
			);
			productRefGroup = C879ACAE295EC91500A0BBC8 /* Products */;
			projectDirPath = "";
			projectRoot = "";
			targets = (
				C879ACAC295EC91500A0BBC8 /* SubwayStation */,
			);
		};
/* End PBXProject section */

/* Begin PBXResourcesBuildPhase section */
		C879ACAB295EC91500A0BBC8 /* Resources */ = {
			isa = PBXResourcesBuildPhase;
			buildActionMask = 2147483647;
			files = (
				C879ACC0295EC91700A0BBC8 /* LaunchScreen.storyboard in Resources */,
				C879ACBD295EC91700A0BBC8 /* Assets.xcassets in Resources */,
			);
			runOnlyForDeploymentPostprocessing = 0;
		};
/* End PBXResourcesBuildPhase section */

/* Begin PBXSourcesBuildPhase section */
		C879ACA9295EC91500A0BBC8 /* Sources */ = {
			isa = PBXSourcesBuildPhase;
			buildActionMask = 2147483647;
			files = (
				C879ACB5295EC91500A0BBC8 /* StationSearchViewController.swift in Sources */,
				C879ACCF295ED6E900A0BBC8 /* StationDeltailViewController.swift in Sources */,
				C8E48BA2295EDA4100141F0C /* StationDetailCollectionViewCell.swift in Sources */,
				C879ACB1295EC91500A0BBC8 /* AppDelegate.swift in Sources */,
				C879ACB3295EC91500A0BBC8 /* SceneDelegate.swift in Sources */,
				C879ACBB295EC91500A0BBC8 /* SubwayStation.xcdatamodeld in Sources */,
			);
			runOnlyForDeploymentPostprocessing = 0;
		};
/* End PBXSourcesBuildPhase section */

/* Begin PBXVariantGroup section */
		C879ACBE295EC91700A0BBC8 /* LaunchScreen.storyboard */ = {
			isa = PBXVariantGroup;
			children = (
				C879ACBF295EC91700A0BBC8 /* Base */,
			);
			name = LaunchScreen.storyboard;
			sourceTree = "<group>";
		};
/* End PBXVariantGroup section */

/* Begin XCBuildConfiguration section */
		C879ACC2295EC91700A0BBC8 /* Debug */ = {
			isa = XCBuildConfiguration;
			buildSettings = {
				ALWAYS_SEARCH_USER_PATHS = NO;
				CLANG_ANALYZER_NONNULL = YES;
				CLANG_ANALYZER_NUMBER_OBJECT_CONVERSION = YES_AGGRESSIVE;
				CLANG_CXX_LANGUAGE_STANDARD = "gnu++20";
				CLANG_ENABLE_MODULES = YES;
				CLANG_ENABLE_OBJC_ARC = YES;
				CLANG_ENABLE_OBJC_WEAK = YES;
				CLANG_WARN_BLOCK_CAPTURE_AUTORELEASING = YES;
				CLANG_WARN_BOOL_CONVERSION = YES;
				CLANG_WARN_COMMA = YES;
				CLANG_WARN_CONSTANT_CONVERSION = YES;
				CLANG_WARN_DEPRECATED_OBJC_IMPLEMENTATIONS = YES;
				CLANG_WARN_DIRECT_OBJC_ISA_USAGE = YES_ERROR;
				CLANG_WARN_DOCUMENTATION_COMMENTS = YES;
				CLANG_WARN_EMPTY_BODY = YES;
				CLANG_WARN_ENUM_CONVERSION = YES;
				CLANG_WARN_INFINITE_RECURSION = YES;
				CLANG_WARN_INT_CONVERSION = YES;
				CLANG_WARN_NON_LITERAL_NULL_CONVERSION = YES;
				CLANG_WARN_OBJC_IMPLICIT_RETAIN_SELF = YES;
				CLANG_WARN_OBJC_LITERAL_CONVERSION = YES;
				CLANG_WARN_OBJC_ROOT_CLASS = YES_ERROR;
				CLANG_WARN_QUOTED_INCLUDE_IN_FRAMEWORK_HEADER = YES;
				CLANG_WARN_RANGE_LOOP_ANALYSIS = YES;
				CLANG_WARN_STRICT_PROTOTYPES = YES;
				CLANG_WARN_SUSPICIOUS_MOVE = YES;
				CLANG_WARN_UNGUARDED_AVAILABILITY = YES_AGGRESSIVE;
				CLANG_WARN_UNREACHABLE_CODE = YES;
				CLANG_WARN__DUPLICATE_METHOD_MATCH = YES;
				COPY_PHASE_STRIP = NO;
				DEBUG_INFORMATION_FORMAT = dwarf;
				ENABLE_STRICT_OBJC_MSGSEND = YES;
				ENABLE_TESTABILITY = YES;
				GCC_C_LANGUAGE_STANDARD = gnu11;
				GCC_DYNAMIC_NO_PIC = NO;
				GCC_NO_COMMON_BLOCKS = YES;
				GCC_OPTIMIZATION_LEVEL = 0;
				GCC_PREPROCESSOR_DEFINITIONS = (
					"DEBUG=1",
					"$(inherited)",
				);
				GCC_WARN_64_TO_32_BIT_CONVERSION = YES;
				GCC_WARN_ABOUT_RETURN_TYPE = YES_ERROR;
				GCC_WARN_UNDECLARED_SELECTOR = YES;
				GCC_WARN_UNINITIALIZED_AUTOS = YES_AGGRESSIVE;
				GCC_WARN_UNUSED_FUNCTION = YES;
				GCC_WARN_UNUSED_VARIABLE = YES;
				IPHONEOS_DEPLOYMENT_TARGET = 16.0;
				MTL_ENABLE_DEBUG_INFO = INCLUDE_SOURCE;
				MTL_FAST_MATH = YES;
				ONLY_ACTIVE_ARCH = YES;
				SDKROOT = iphoneos;
				SWIFT_ACTIVE_COMPILATION_CONDITIONS = DEBUG;
				SWIFT_OPTIMIZATION_LEVEL = "-Onone";
			};
			name = Debug;
		};
		C879ACC3295EC91700A0BBC8 /* Release */ = {
			isa = XCBuildConfiguration;
			buildSettings = {
				ALWAYS_SEARCH_USER_PATHS = NO;
				CLANG_ANALYZER_NONNULL = YES;
				CLANG_ANALYZER_NUMBER_OBJECT_CONVERSION = YES_AGGRESSIVE;
				CLANG_CXX_LANGUAGE_STANDARD = "gnu++20";
				CLANG_ENABLE_MODULES = YES;
				CLANG_ENABLE_OBJC_ARC = YES;
				CLANG_ENABLE_OBJC_WEAK = YES;
				CLANG_WARN_BLOCK_CAPTURE_AUTORELEASING = YES;
				CLANG_WARN_BOOL_CONVERSION = YES;
				CLANG_WARN_COMMA = YES;
				CLANG_WARN_CONSTANT_CONVERSION = YES;
				CLANG_WARN_DEPRECATED_OBJC_IMPLEMENTATIONS = YES;
				CLANG_WARN_DIRECT_OBJC_ISA_USAGE = YES_ERROR;
				CLANG_WARN_DOCUMENTATION_COMMENTS = YES;
				CLANG_WARN_EMPTY_BODY = YES;
				CLANG_WARN_ENUM_CONVERSION = YES;
				CLANG_WARN_INFINITE_RECURSION = YES;
				CLANG_WARN_INT_CONVERSION = YES;
				CLANG_WARN_NON_LITERAL_NULL_CONVERSION = YES;
				CLANG_WARN_OBJC_IMPLICIT_RETAIN_SELF = YES;
				CLANG_WARN_OBJC_LITERAL_CONVERSION = YES;
				CLANG_WARN_OBJC_ROOT_CLASS = YES_ERROR;
				CLANG_WARN_QUOTED_INCLUDE_IN_FRAMEWORK_HEADER = YES;
				CLANG_WARN_RANGE_LOOP_ANALYSIS = YES;
				CLANG_WARN_STRICT_PROTOTYPES = YES;
				CLANG_WARN_SUSPICIOUS_MOVE = YES;
				CLANG_WARN_UNGUARDED_AVAILABILITY = YES_AGGRESSIVE;
				CLANG_WARN_UNREACHABLE_CODE = YES;
				CLANG_WARN__DUPLICATE_METHOD_MATCH = YES;
				COPY_PHASE_STRIP = NO;
				DEBUG_INFORMATION_FORMAT = "dwarf-with-dsym";
				ENABLE_NS_ASSERTIONS = NO;
				ENABLE_STRICT_OBJC_MSGSEND = YES;
				GCC_C_LANGUAGE_STANDARD = gnu11;
				GCC_NO_COMMON_BLOCKS = YES;
				GCC_WARN_64_TO_32_BIT_CONVERSION = YES;
				GCC_WARN_ABOUT_RETURN_TYPE = YES_ERROR;
				GCC_WARN_UNDECLARED_SELECTOR = YES;
				GCC_WARN_UNINITIALIZED_AUTOS = YES_AGGRESSIVE;
				GCC_WARN_UNUSED_FUNCTION = YES;
				GCC_WARN_UNUSED_VARIABLE = YES;
				IPHONEOS_DEPLOYMENT_TARGET = 16.0;
				MTL_ENABLE_DEBUG_INFO = NO;
				MTL_FAST_MATH = YES;
				SDKROOT = iphoneos;
				SWIFT_COMPILATION_MODE = wholemodule;
				SWIFT_OPTIMIZATION_LEVEL = "-O";
				VALIDATE_PRODUCT = YES;
			};
			name = Release;
		};
		C879ACC5295EC91700A0BBC8 /* Debug */ = {
			isa = XCBuildConfiguration;
			buildSettings = {
				ASSETCATALOG_COMPILER_APPICON_NAME = AppIcon;
				ASSETCATALOG_COMPILER_GLOBAL_ACCENT_COLOR_NAME = AccentColor;
				CODE_SIGN_STYLE = Automatic;
				CURRENT_PROJECT_VERSION = 1;
				DEVELOPMENT_TEAM = C52UTF3KCV;
				GENERATE_INFOPLIST_FILE = YES;
				INFOPLIST_FILE = SubwayStation/Info.plist;
				INFOPLIST_KEY_UIApplicationSupportsIndirectInputEvents = YES;
				INFOPLIST_KEY_UISupportedInterfaceOrientations_iPad = "UIInterfaceOrientationPortrait UIInterfaceOrientationPortraitUpsideDown UIInterfaceOrientationLandscapeLeft UIInterfaceOrientationLandscapeRight";
				INFOPLIST_KEY_UISupportedInterfaceOrientations_iPhone = "UIInterfaceOrientationPortrait UIInterfaceOrientationLandscapeLeft UIInterfaceOrientationLandscapeRight";
				LD_RUNPATH_SEARCH_PATHS = (
					"$(inherited)",
					"@executable_path/Frameworks",
				);
				MARKETING_VERSION = 1.0;
				PRODUCT_BUNDLE_IDENTIFIER = com.jessicaKoh.SubwayStation;
				PRODUCT_NAME = "$(TARGET_NAME)";
				SWIFT_EMIT_LOC_STRINGS = YES;
				SWIFT_VERSION = 5.0;
				TARGETED_DEVICE_FAMILY = "1,2";
			};
			name = Debug;
		};
		C879ACC6295EC91700A0BBC8 /* Release */ = {
			isa = XCBuildConfiguration;
			buildSettings = {
				ASSETCATALOG_COMPILER_APPICON_NAME = AppIcon;
				ASSETCATALOG_COMPILER_GLOBAL_ACCENT_COLOR_NAME = AccentColor;
				CODE_SIGN_STYLE = Automatic;
				CURRENT_PROJECT_VERSION = 1;
				DEVELOPMENT_TEAM = C52UTF3KCV;
				GENERATE_INFOPLIST_FILE = YES;
				INFOPLIST_FILE = SubwayStation/Info.plist;
				INFOPLIST_KEY_UIApplicationSupportsIndirectInputEvents = YES;
				INFOPLIST_KEY_UISupportedInterfaceOrientations_iPad = "UIInterfaceOrientationPortrait UIInterfaceOrientationPortraitUpsideDown UIInterfaceOrientationLandscapeLeft UIInterfaceOrientationLandscapeRight";
				INFOPLIST_KEY_UISupportedInterfaceOrientations_iPhone = "UIInterfaceOrientationPortrait UIInterfaceOrientationLandscapeLeft UIInterfaceOrientationLandscapeRight";
				LD_RUNPATH_SEARCH_PATHS = (
					"$(inherited)",
					"@executable_path/Frameworks",
				);
				MARKETING_VERSION = 1.0;
				PRODUCT_BUNDLE_IDENTIFIER = com.jessicaKoh.SubwayStation;
				PRODUCT_NAME = "$(TARGET_NAME)";
				SWIFT_EMIT_LOC_STRINGS = YES;
				SWIFT_VERSION = 5.0;
				TARGETED_DEVICE_FAMILY = "1,2";
			};
			name = Release;
		};
/* End XCBuildConfiguration section */

/* Begin XCConfigurationList section */
		C879ACA8295EC91500A0BBC8 /* Build configuration list for PBXProject "SubwayStation" */ = {
			isa = XCConfigurationList;
			buildConfigurations = (
				C879ACC2295EC91700A0BBC8 /* Debug */,
				C879ACC3295EC91700A0BBC8 /* Release */,
			);
			defaultConfigurationIsVisible = 0;
			defaultConfigurationName = Release;
		};
		C879ACC4295EC91700A0BBC8 /* Build configuration list for PBXNativeTarget "SubwayStation" */ = {
			isa = XCConfigurationList;
			buildConfigurations = (
				C879ACC5295EC91700A0BBC8 /* Debug */,
				C879ACC6295EC91700A0BBC8 /* Release */,
			);
			defaultConfigurationIsVisible = 0;
			defaultConfigurationName = Release;
		};
/* End XCConfigurationList section */

/* Begin XCRemoteSwiftPackageReference section */
		C879ACC7295EC98C00A0BBC8 /* XCRemoteSwiftPackageReference "SnapKit" */ = {
			isa = XCRemoteSwiftPackageReference;
			repositoryURL = "https://github.com/SnapKit/SnapKit";
			requirement = {
				kind = upToNextMajorVersion;
				minimumVersion = 5.0.0;
			};
		};
		C879ACCA295ECA0C00A0BBC8 /* XCRemoteSwiftPackageReference "Alamofire" */ = {
			isa = XCRemoteSwiftPackageReference;
			repositoryURL = "https://github.com/Alamofire/Alamofire.git";
			requirement = {
				kind = upToNextMajorVersion;
				minimumVersion = 5.0.0;
			};
		};
/* End XCRemoteSwiftPackageReference section */

/* Begin XCSwiftPackageProductDependency section */
		C879ACC8295EC98C00A0BBC8 /* SnapKit */ = {
			isa = XCSwiftPackageProductDependency;
			package = C879ACC7295EC98C00A0BBC8 /* XCRemoteSwiftPackageReference "SnapKit" */;
			productName = SnapKit;
		};
		C879ACCB295ECA0C00A0BBC8 /* Alamofire */ = {
			isa = XCSwiftPackageProductDependency;
			package = C879ACCA295ECA0C00A0BBC8 /* XCRemoteSwiftPackageReference "Alamofire" */;
			productName = Alamofire;
		};
/* End XCSwiftPackageProductDependency section */

/* Begin XCVersionGroup section */
		C879ACB9295EC91500A0BBC8 /* SubwayStation.xcdatamodeld */ = {
			isa = XCVersionGroup;
			children = (
				C879ACBA295EC91500A0BBC8 /* SubwayStation.xcdatamodel */,
			);
			currentVersion = C879ACBA295EC91500A0BBC8 /* SubwayStation.xcdatamodel */;
			path = SubwayStation.xcdatamodeld;
			sourceTree = "<group>";
			versionGroupType = wrapper.xcdatamodel;
		};
/* End XCVersionGroup section */
	};
	rootObject = C879ACA5295EC91500A0BBC8 /* Project object */;
}
